
Microsoft Visual Studio Solution File, Format Version 12.00
# Visual Studio Version 17
VisualStudioVersion = 17.1.32407.343
MinimumVisualStudioVersion = 10.0.40219.1
Project("{FAE04EC0-301F-11D3-BF4B-00C04F79EFBC}") = "PigLatinForms", "PigLatinForms\PigLatinForms.csproj", "{CBD9D555-22E7-4EFA-B60D-79C0EFE4F399}"
EndProject
Global
	GlobalSection(SolutionConfigurationPlatforms) = preSolution
		Debug|Any CPU = Debug|Any CPU
		Release|Any CPU = Release|Any CPU
	EndGlobalSection
	GlobalSection(ProjectConfigurationPlatforms) = postSolution
		{CBD9D555-22E7-4EFA-B60D-79C0EFE4F399}.Debug|Any CPU.ActiveCfg = Debug|Any CPU
		{CBD9D555-22E7-4EFA-B60D-79C0EFE4F399}.Debug|Any CPU.Build.0 = Debug|Any CPU
		{CBD9D555-22E7-4EFA-B60D-79C0EFE4F399}.Release|Any CPU.ActiveCfg = Release|Any CPU
		{CBD9D555-22E7-4EFA-B60D-79C0EFE4F399}.Release|Any CPU.Build.0 = Release|Any CPU
	EndGlobalSection
	GlobalSection(SolutionProperties) = preSolution
		HideSolutionNode = FALSE
	EndGlobalSection
	GlobalSection(ExtensibilityGlobals) = postSolution
		SolutionGuid = {944D771A-4AA2-460D-B9CF-AB520445D2BF}
	EndGlobalSection
EndGlobal
